
Microsoft Visual Studio Solution File, Format Version 12.00
# Visual Studio 15
VisualStudioVersion = 15.0.27004.2009
MinimumVisualStudioVersion = 10.0.40219.1
Project("{FAE04EC0-301F-11D3-BF4B-00C04F79EFBC}") = "Exercise3", "Exercise3\Exercise3.csproj", "{0BAB9DC8-E2BD-4B95-A949-FC1A7E97A0A5}"
EndProject
Project("{FAE04EC0-301F-11D3-BF4B-00C04F79EFBC}") = "Exercise3.Tests", "Exercise3.Tests\Exercise3.Tests.csproj", "{F88A3AAA-A043-4B2B-96A9-785819AFDFD7}"
EndProject
Project("{FAE04EC0-301F-11D3-BF4B-00C04F79EFBC}") = "Exercise6", "Exercise6\Exercise6.csproj", "{16FEF62D-1685-4A10-B2AB-C00F60B2224D}"
EndProject
Project("{FAE04EC0-301F-11D3-BF4B-00C04F79EFBC}") = "Exercise6.Tests", "Exercise6.Tests\Exercise6.Tests.csproj", "{153DA134-F385-4C17-B196-B0A35D7E8C39}"
EndProject
Global
	GlobalSection(SolutionConfigurationPlatforms) = preSolution
		Debug|Any CPU = Debug|Any CPU
		Release|Any CPU = Release|Any CPU
	EndGlobalSection
	GlobalSection(ProjectConfigurationPlatforms) = postSolution
		{0BAB9DC8-E2BD-4B95-A949-FC1A7E97A0A5}.Debug|Any CPU.ActiveCfg = Debug|Any CPU
		{0BAB9DC8-E2BD-4B95-A949-FC1A7E97A0A5}.Debug|Any CPU.Build.0 = Debug|Any CPU
		{0BAB9DC8-E2BD-4B95-A949-FC1A7E97A0A5}.Release|Any CPU.ActiveCfg = Release|Any CPU
		{0BAB9DC8-E2BD-4B95-A949-FC1A7E97A0A5}.Release|Any CPU.Build.0 = Release|Any CPU
		{F88A3AAA-A043-4B2B-96A9-785819AFDFD7}.Debug|Any CPU.ActiveCfg = Debug|Any CPU
		{F88A3AAA-A043-4B2B-96A9-785819AFDFD7}.Debug|Any CPU.Build.0 = Debug|Any CPU
		{F88A3AAA-A043-4B2B-96A9-785819AFDFD7}.Release|Any CPU.ActiveCfg = Release|Any CPU
		{F88A3AAA-A043-4B2B-96A9-785819AFDFD7}.Release|Any CPU.Build.0 = Release|Any CPU
		{16FEF62D-1685-4A10-B2AB-C00F60B2224D}.Debug|Any CPU.ActiveCfg = Debug|Any CPU
		{16FEF62D-1685-4A10-B2AB-C00F60B2224D}.Debug|Any CPU.Build.0 = Debug|Any CPU
		{16FEF62D-1685-4A10-B2AB-C00F60B2224D}.Release|Any CPU.ActiveCfg = Release|Any CPU
		{16FEF62D-1685-4A10-B2AB-C00F60B2224D}.Release|Any CPU.Build.0 = Release|Any CPU
		{153DA134-F385-4C17-B196-B0A35D7E8C39}.Debug|Any CPU.ActiveCfg = Debug|Any CPU
		{153DA134-F385-4C17-B196-B0A35D7E8C39}.Debug|Any CPU.Build.0 = Debug|Any CPU
		{153DA134-F385-4C17-B196-B0A35D7E8C39}.Release|Any CPU.ActiveCfg = Release|Any CPU
		{153DA134-F385-4C17-B196-B0A35D7E8C39}.Release|Any CPU.Build.0 = Release|Any CPU
	EndGlobalSection
	GlobalSection(SolutionProperties) = preSolution
		HideSolutionNode = FALSE
	EndGlobalSection
	GlobalSection(ExtensibilityGlobals) = postSolution
		SolutionGuid = {93EBF6D5-802D-465A-8F75-E1EFD062C967}
	EndGlobalSection
EndGlobal
